// !$*UTF8*$!
{
	archiveVersion = 1;
	classes = {
	};
	objectVersion = 50;
	objects = {

/* Begin PBXBuildFile section */
		3851E06B239743F1002AE95F /* AppDelegate.swift in Sources */ = {isa = PBXBuildFile; fileRef = 3851E06A239743F1002AE95F /* AppDelegate.swift */; };
		3851E06D239743F1002AE95F /* SceneDelegate.swift in Sources */ = {isa = PBXBuildFile; fileRef = 3851E06C239743F1002AE95F /* SceneDelegate.swift */; };
		3851E06F239743F1002AE95F /* ViewController.swift in Sources */ = {isa = PBXBuildFile; fileRef = 3851E06E239743F1002AE95F /* ViewController.swift */; };
		3851E072239743F1002AE95F /* Main.storyboard in Resources */ = {isa = PBXBuildFile; fileRef = 3851E070239743F1002AE95F /* Main.storyboard */; };
		3851E074239743F2002AE95F /* Assets.xcassets in Resources */ = {isa = PBXBuildFile; fileRef = 3851E073239743F2002AE95F /* Assets.xcassets */; };
		3851E077239743F2002AE95F /* LaunchScreen.storyboard in Resources */ = {isa = PBXBuildFile; fileRef = 3851E075239743F2002AE95F /* LaunchScreen.storyboard */; };
		3851E0802397449D002AE95F /* User.swift in Sources */ = {isa = PBXBuildFile; fileRef = 3851E07F2397449D002AE95F /* User.swift */; };
		3851E082239745D4002AE95F /* API.swift in Sources */ = {isa = PBXBuildFile; fileRef = 3851E081239745D4002AE95F /* API.swift */; };
		38D0B33C2399105E00E2702D /* ImageDownloader.swift in Sources */ = {isa = PBXBuildFile; fileRef = 38D0B33B2399105E00E2702D /* ImageDownloader.swift */; };
		38D37405239E5072000820F1 /* UserListViewModel.swift in Sources */ = {isa = PBXBuildFile; fileRef = 38D37404239E5072000820F1 /* UserListViewModel.swift */; };
		38D37407239E547B000820F1 /* UserCellViewModel.swift in Sources */ = {isa = PBXBuildFile; fileRef = 38D37406239E547B000820F1 /* UserCellViewModel.swift */; };
/* End PBXBuildFile section */

/* Begin PBXFileReference section */
		3851E067239743F1002AE95F /* GithubMVVM.app */ = {isa = PBXFileReference; explicitFileType = wrapper.application; includeInIndex = 0; path = GithubMVVM.app; sourceTree = BUILT_PRODUCTS_DIR; };
		3851E06A239743F1002AE95F /* AppDelegate.swift */ = {isa = PBXFileReference; lastKnownFileType = sourcecode.swift; path = AppDelegate.swift; sourceTree = "<group>"; };
		3851E06C239743F1002AE95F /* SceneDelegate.swift */ = {isa = PBXFileReference; lastKnownFileType = sourcecode.swift; path = SceneDelegate.swift; sourceTree = "<group>"; };
		3851E06E239743F1002AE95F /* ViewController.swift */ = {isa = PBXFileReference; lastKnownFileType = sourcecode.swift; path = ViewController.swift; sourceTree = "<group>"; };
		3851E071239743F1002AE95F /* Base */ = {isa = PBXFileReference; lastKnownFileType = file.storyboard; name = Base; path = Base.lproj/Main.storyboard; sourceTree = "<group>"; };
		3851E073239743F2002AE95F /* Assets.xcassets */ = {isa = PBXFileReference; lastKnownFileType = folder.assetcatalog; path = Assets.xcassets; sourceTree = "<group>"; };
		3851E076239743F2002AE95F /* Base */ = {isa = PBXFileReference; lastKnownFileType = file.storyboard; name = Base; path = Base.lproj/LaunchScreen.storyboard; sourceTree = "<group>"; };
		3851E078239743F2002AE95F /* Info.plist */ = {isa = PBXFileReference; lastKnownFileType = text.plist.xml; path = Info.plist; sourceTree = "<group>"; };
		3851E07F2397449D002AE95F /* User.swift */ = {isa = PBXFileReference; lastKnownFileType = sourcecode.swift; path = User.swift; sourceTree = "<group>"; };
		3851E081239745D4002AE95F /* API.swift */ = {isa = PBXFileReference; lastKnownFileType = sourcecode.swift; path = API.swift; sourceTree = "<group>"; };
		38D0B33B2399105E00E2702D /* ImageDownloader.swift */ = {isa = PBXFileReference; lastKnownFileType = sourcecode.swift; path = ImageDownloader.swift; sourceTree = "<group>"; };
		38D37404239E5072000820F1 /* UserListViewModel.swift */ = {isa = PBXFileReference; lastKnownFileType = sourcecode.swift; path = UserListViewModel.swift; sourceTree = "<group>"; };
		38D37406239E547B000820F1 /* UserCellViewModel.swift */ = {isa = PBXFileReference; lastKnownFileType = sourcecode.swift; path = UserCellViewModel.swift; sourceTree = "<group>"; };
/* End PBXFileReference section */

/* Begin PBXFrameworksBuildPhase section */
		3851E064239743F1002AE95F /* Frameworks */ = {
			isa = PBXFrameworksBuildPhase;
			buildActionMask = 2147483647;
			files = (
			);
			runOnlyForDeploymentPostprocessing = 0;
		};
/* End PBXFrameworksBuildPhase section */

/* Begin PBXGroup section */
		3851E05E239743F1002AE95F = {
			isa = PBXGroup;
			children = (
				3851E069239743F1002AE95F /* GithubMVVM */,
				3851E068239743F1002AE95F /* Products */,
			);
			sourceTree = "<group>";
		};
		3851E068239743F1002AE95F /* Products */ = {
			isa = PBXGroup;
			children = (
				3851E067239743F1002AE95F /* GithubMVVM.app */,
			);
			name = Products;
			sourceTree = "<group>";
		};
		3851E069239743F1002AE95F /* GithubMVVM */ = {
			isa = PBXGroup;
			children = (
				38D37403239E5042000820F1 /* ModelView */,
				3851E07E23974477002AE95F /* Model */,
				3851E06A239743F1002AE95F /* AppDelegate.swift */,
				3851E06C239743F1002AE95F /* SceneDelegate.swift */,
				3851E06E239743F1002AE95F /* ViewController.swift */,
				3851E070239743F1002AE95F /* Main.storyboard */,
				3851E073239743F2002AE95F /* Assets.xcassets */,
				3851E075239743F2002AE95F /* LaunchScreen.storyboard */,
				3851E078239743F2002AE95F /* Info.plist */,
			);
			path = GithubMVVM;
			sourceTree = "<group>";
		};
		3851E07E23974477002AE95F /* Model */ = {
			isa = PBXGroup;
			children = (
				3851E07F2397449D002AE95F /* User.swift */,
				3851E081239745D4002AE95F /* API.swift */,
				38D0B33B2399105E00E2702D /* ImageDownloader.swift */,
			);
			path = Model;
			sourceTree = "<group>";
		};
		38D37403239E5042000820F1 /* ModelView */ = {
			isa = PBXGroup;
			children = (
				38D37404239E5072000820F1 /* UserListViewModel.swift */,
				38D37406239E547B000820F1 /* UserCellViewModel.swift */,
			);
			path = ModelView;
			sourceTree = "<group>";
		};
/* End PBXGroup section */

/* Begin PBXNativeTarget section */
		3851E066239743F1002AE95F /* GithubMVVM */ = {
			isa = PBXNativeTarget;
			buildConfigurationList = 3851E07B239743F2002AE95F /* Build configuration list for PBXNativeTarget "GithubMVVM" */;
			buildPhases = (
				3851E063239743F1002AE95F /* Sources */,
				3851E064239743F1002AE95F /* Frameworks */,
				3851E065239743F1002AE95F /* Resources */,
			);
			buildRules = (
			);
			dependencies = (
			);
			name = GithubMVVM;
			productName = GithubMVVM;
			productReference = 3851E067239743F1002AE95F /* GithubMVVM.app */;
			productType = "com.apple.product-type.application";
		};
/* End PBXNativeTarget section */

/* Begin PBXProject section */
		3851E05F239743F1002AE95F /* Project object */ = {
			isa = PBXProject;
			attributes = {
				LastSwiftUpdateCheck = 1120;
				LastUpgradeCheck = 1120;
				ORGANIZATIONNAME = velo.yamigiku;
				TargetAttributes = {
					3851E066239743F1002AE95F = {
						CreatedOnToolsVersion = 11.2.1;
					};
				};
			};
			buildConfigurationList = 3851E062239743F1002AE95F /* Build configuration list for PBXProject "GithubMVVM" */;
			compatibilityVersion = "Xcode 9.3";
			developmentRegion = en;
			hasScannedForEncodings = 0;
			knownRegions = (
				en,
				Base,
			);
			mainGroup = 3851E05E239743F1002AE95F;
			productRefGroup = 3851E068239743F1002AE95F /* Products */;
			projectDirPath = "";
			projectRoot = "";
			targets = (
				3851E066239743F1002AE95F /* GithubMVVM */,
			);
		};
/* End PBXProject section */

/* Begin PBXResourcesBuildPhase section */
		3851E065239743F1002AE95F /* Resources */ = {
			isa = PBXResourcesBuildPhase;
			buildActionMask = 2147483647;
			files = (
				3851E077239743F2002AE95F /* LaunchScreen.storyboard in Resources */,
				3851E074239743F2002AE95F /* Assets.xcassets in Resources */,
				3851E072239743F1002AE95F /* Main.storyboard in Resources */,
			);
			runOnlyForDeploymentPostprocessing = 0;
		};
/* End PBXResourcesBuildPhase section */

/* Begin PBXSourcesBuildPhase section */
		3851E063239743F1002AE95F /* Sources */ = {
			isa = PBXSourcesBuildPhase;
			buildActionMask = 2147483647;
			files = (
				3851E0802397449D002AE95F /* User.swift in Sources */,
				3851E06F239743F1002AE95F /* ViewController.swift in Sources */,
				38D37405239E5072000820F1 /* UserListViewModel.swift in Sources */,
				3851E06B239743F1002AE95F /* AppDelegate.swift in Sources */,
				3851E06D239743F1002AE95F /* SceneDelegate.swift in Sources */,
				38D37407239E547B000820F1 /* UserCellViewModel.swift in Sources */,
				38D0B33C2399105E00E2702D /* ImageDownloader.swift in Sources */,
				3851E082239745D4002AE95F /* API.swift in Sources */,
			);
			runOnlyForDeploymentPostprocessing = 0;
		};
/* End PBXSourcesBuildPhase section */

/* Begin PBXVariantGroup section */
		3851E070239743F1002AE95F /* Main.storyboard */ = {
			isa = PBXVariantGroup;
			children = (
				3851E071239743F1002AE95F /* Base */,
			);
			name = Main.storyboard;
			sourceTree = "<group>";
		};
		3851E075239743F2002AE95F /* LaunchScreen.storyboard */ = {
			isa = PBXVariantGroup;
			children = (
				3851E076239743F2002AE95F /* Base */,
			);
			name = LaunchScreen.storyboard;
			sourceTree = "<group>";
		};
/* End PBXVariantGroup section */

/* Begin XCBuildConfiguration section */
		3851E079239743F2002AE95F /* Debug */ = {
			isa = XCBuildConfiguration;
			buildSettings = {
				ALWAYS_SEARCH_USER_PATHS = NO;
				CLANG_ANALYZER_NONNULL = YES;
				CLANG_ANALYZER_NUMBER_OBJECT_CONVERSION = YES_AGGRESSIVE;
				CLANG_CXX_LANGUAGE_STANDARD = "gnu++14";
				CLANG_CXX_LIBRARY = "libc++";
				CLANG_ENABLE_MODULES = YES;
				CLANG_ENABLE_OBJC_ARC = YES;
				CLANG_ENABLE_OBJC_WEAK = YES;
				CLANG_WARN_BLOCK_CAPTURE_AUTORELEASING = YES;
				CLANG_WARN_BOOL_CONVERSION = YES;
				CLANG_WARN_COMMA = YES;
				CLANG_WARN_CONSTANT_CONVERSION = YES;
				CLANG_WARN_DEPRECATED_OBJC_IMPLEMENTATIONS = YES;
				CLANG_WARN_DIRECT_OBJC_ISA_USAGE = YES_ERROR;
				CLANG_WARN_DOCUMENTATION_COMMENTS = YES;
				CLANG_WARN_EMPTY_BODY = YES;
				CLANG_WARN_ENUM_CONVERSION = YES;
				CLANG_WARN_INFINITE_RECURSION = YES;
				CLANG_WARN_INT_CONVERSION = YES;
				CLANG_WARN_NON_LITERAL_NULL_CONVERSION = YES;
				CLANG_WARN_OBJC_IMPLICIT_RETAIN_SELF = YES;
				CLANG_WARN_OBJC_LITERAL_CONVERSION = YES;
				CLANG_WARN_OBJC_ROOT_CLASS = YES_ERROR;
				CLANG_WARN_RANGE_LOOP_ANALYSIS = YES;
				CLANG_WARN_STRICT_PROTOTYPES = YES;
				CLANG_WARN_SUSPICIOUS_MOVE = YES;
				CLANG_WARN_UNGUARDED_AVAILABILITY = YES_AGGRESSIVE;
				CLANG_WARN_UNREACHABLE_CODE = YES;
				CLANG_WARN__DUPLICATE_METHOD_MATCH = YES;
				COPY_PHASE_STRIP = NO;
				DEBUG_INFORMATION_FORMAT = dwarf;
				ENABLE_STRICT_OBJC_MSGSEND = YES;
				ENABLE_TESTABILITY = YES;
				GCC_C_LANGUAGE_STANDARD = gnu11;
				GCC_DYNAMIC_NO_PIC = NO;
				GCC_NO_COMMON_BLOCKS = YES;
				GCC_OPTIMIZATION_LEVEL = 0;
				GCC_PREPROCESSOR_DEFINITIONS = (
					"DEBUG=1",
					"$(inherited)",
				);
				GCC_WARN_64_TO_32_BIT_CONVERSION = YES;
				GCC_WARN_ABOUT_RETURN_TYPE = YES_ERROR;
				GCC_WARN_UNDECLARED_SELECTOR = YES;
				GCC_WARN_UNINITIALIZED_AUTOS = YES_AGGRESSIVE;
				GCC_WARN_UNUSED_FUNCTION = YES;
				GCC_WARN_UNUSED_VARIABLE = YES;
				IPHONEOS_DEPLOYMENT_TARGET = 13.2;
				MTL_ENABLE_DEBUG_INFO = INCLUDE_SOURCE;
				MTL_FAST_MATH = YES;
				ONLY_ACTIVE_ARCH = YES;
				SDKROOT = iphoneos;
				SWIFT_ACTIVE_COMPILATION_CONDITIONS = DEBUG;
				SWIFT_OPTIMIZATION_LEVEL = "-Onone";
			};
			name = Debug;
		};
		3851E07A239743F2002AE95F /* Release */ = {
			isa = XCBuildConfiguration;
			buildSettings = {
				ALWAYS_SEARCH_USER_PATHS = NO;
				CLANG_ANALYZER_NONNULL = YES;
				CLANG_ANALYZER_NUMBER_OBJECT_CONVERSION = YES_AGGRESSIVE;
				CLANG_CXX_LANGUAGE_STANDARD = "gnu++14";
				CLANG_CXX_LIBRARY = "libc++";
				CLANG_ENABLE_MODULES = YES;
				CLANG_ENABLE_OBJC_ARC = YES;
				CLANG_ENABLE_OBJC_WEAK = YES;
				CLANG_WARN_BLOCK_CAPTURE_AUTORELEASING = YES;
				CLANG_WARN_BOOL_CONVERSION = YES;
				CLANG_WARN_COMMA = YES;
				CLANG_WARN_CONSTANT_CONVERSION = YES;
				CLANG_WARN_DEPRECATED_OBJC_IMPLEMENTATIONS = YES;
				CLANG_WARN_DIRECT_OBJC_ISA_USAGE = YES_ERROR;
				CLANG_WARN_DOCUMENTATION_COMMENTS = YES;
				CLANG_WARN_EMPTY_BODY = YES;
				CLANG_WARN_ENUM_CONVERSION = YES;
				CLANG_WARN_INFINITE_RECURSION = YES;
				CLANG_WARN_INT_CONVERSION = YES;
				CLANG_WARN_NON_LITERAL_NULL_CONVERSION = YES;
				CLANG_WARN_OBJC_IMPLICIT_RETAIN_SELF = YES;
				CLANG_WARN_OBJC_LITERAL_CONVERSION = YES;
				CLANG_WARN_OBJC_ROOT_CLASS = YES_ERROR;
				CLANG_WARN_RANGE_LOOP_ANALYSIS = YES;
				CLANG_WARN_STRICT_PROTOTYPES = YES;
				CLANG_WARN_SUSPICIOUS_MOVE = YES;
				CLANG_WARN_UNGUARDED_AVAILABILITY = YES_AGGRESSIVE;
				CLANG_WARN_UNREACHABLE_CODE = YES;
				CLANG_WARN__DUPLICATE_METHOD_MATCH = YES;
				COPY_PHASE_STRIP = NO;
				DEBUG_INFORMATION_FORMAT = "dwarf-with-dsym";
				ENABLE_NS_ASSERTIONS = NO;
				ENABLE_STRICT_OBJC_MSGSEND = YES;
				GCC_C_LANGUAGE_STANDARD = gnu11;
				GCC_NO_COMMON_BLOCKS = YES;
				GCC_WARN_64_TO_32_BIT_CONVERSION = YES;
				GCC_WARN_ABOUT_RETURN_TYPE = YES_ERROR;
				GCC_WARN_UNDECLARED_SELECTOR = YES;
				GCC_WARN_UNINITIALIZED_AUTOS = YES_AGGRESSIVE;
				GCC_WARN_UNUSED_FUNCTION = YES;
				GCC_WARN_UNUSED_VARIABLE = YES;
				IPHONEOS_DEPLOYMENT_TARGET = 13.2;
				MTL_ENABLE_DEBUG_INFO = NO;
				MTL_FAST_MATH = YES;
				SDKROOT = iphoneos;
				SWIFT_COMPILATION_MODE = wholemodule;
				SWIFT_OPTIMIZATION_LEVEL = "-O";
				VALIDATE_PRODUCT = YES;
			};
			name = Release;
		};
		3851E07C239743F2002AE95F /* Debug */ = {
			isa = XCBuildConfiguration;
			buildSettings = {
				ASSETCATALOG_COMPILER_APPICON_NAME = AppIcon;
				CODE_SIGN_STYLE = Automatic;
				INFOPLIST_FILE = GithubMVVM/Info.plist;
				LD_RUNPATH_SEARCH_PATHS = (
					"$(inherited)",
					"@executable_path/Frameworks",
				);
				PRODUCT_BUNDLE_IDENTIFIER = jp.co.myself.GithubMVVM;
				PRODUCT_NAME = "$(TARGET_NAME)";
				SWIFT_VERSION = 5.0;
				TARGETED_DEVICE_FAMILY = "1,2";
			};
			name = Debug;
		};
		3851E07D239743F2002AE95F /* Release */ = {
			isa = XCBuildConfiguration;
			buildSettings = {
				ASSETCATALOG_COMPILER_APPICON_NAME = AppIcon;
				CODE_SIGN_STYLE = Automatic;
				INFOPLIST_FILE = GithubMVVM/Info.plist;
				LD_RUNPATH_SEARCH_PATHS = (
					"$(inherited)",
					"@executable_path/Frameworks",
				);
				PRODUCT_BUNDLE_IDENTIFIER = jp.co.myself.GithubMVVM;
				PRODUCT_NAME = "$(TARGET_NAME)";
				SWIFT_VERSION = 5.0;
				TARGETED_DEVICE_FAMILY = "1,2";
			};
			name = Release;
		};
/* End XCBuildConfiguration section */

/* Begin XCConfigurationList section */
		3851E062239743F1002AE95F /* Build configuration list for PBXProject "GithubMVVM" */ = {
			isa = XCConfigurationList;
			buildConfigurations = (
				3851E079239743F2002AE95F /* Debug */,
				3851E07A239743F2002AE95F /* Release */,
			);
			defaultConfigurationIsVisible = 0;
			defaultConfigurationName = Release;
		};
		3851E07B239743F2002AE95F /* Build configuration list for PBXNativeTarget "GithubMVVM" */ = {
			isa = XCConfigurationList;
			buildConfigurations = (
				3851E07C239743F2002AE95F /* Debug */,
				3851E07D239743F2002AE95F /* Release */,
			);
			defaultConfigurationIsVisible = 0;
			defaultConfigurationName = Release;
		};
/* End XCConfigurationList section */
	};
	rootObject = 3851E05F239743F1002AE95F /* Project object */;
}
